
Microsoft Visual Studio Solution File, Format Version 12.00
# Visual Studio 15
VisualStudioVersion = 15.0.27130.2010
MinimumVisualStudioVersion = 10.0.40219.1
Project("{9A19103F-16F7-4668-BE54-9A1E7A4F7556}") = "MTGLambda", "MTGLambda\MTGLambda.csproj", "{24688979-06EE-42DD-AF19-452635B8CF69}"
EndProject
Global
	GlobalSection(SolutionConfigurationPlatforms) = preSolution
		Debug|Any CPU = Debug|Any CPU
		Release|Any CPU = Release|Any CPU
	EndGlobalSection
	GlobalSection(ProjectConfigurationPlatforms) = postSolution
		{24688979-06EE-42DD-AF19-452635B8CF69}.Debug|Any CPU.ActiveCfg = Debug|Any CPU
		{24688979-06EE-42DD-AF19-452635B8CF69}.Debug|Any CPU.Build.0 = Debug|Any CPU
		{24688979-06EE-42DD-AF19-452635B8CF69}.Release|Any CPU.ActiveCfg = Release|Any CPU
		{24688979-06EE-42DD-AF19-452635B8CF69}.Release|Any CPU.Build.0 = Release|Any CPU
	EndGlobalSection
	GlobalSection(SolutionProperties) = preSolution
		HideSolutionNode = FALSE
	EndGlobalSection
	GlobalSection(ExtensibilityGlobals) = postSolution
		SolutionGuid = {F220F991-88D0-4A72-970D-F3BB23460AAD}
	EndGlobalSection
EndGlobal
